// !$*UTF8*$!
{
	archiveVersion = 1;
	classes = {
	};
	objectVersion = 50;
	objects = {

/* Begin PBXBuildFile section */
		C2907EC02309722C001891F1 /* AsciiDocHelperDelegate.swift in Sources */ = {isa = PBXBuildFile; fileRef = C2907EBF2309722C001891F1 /* AsciiDocHelperDelegate.swift */; };
		C2907EC22309722C001891F1 /* main.swift in Sources */ = {isa = PBXBuildFile; fileRef = C2907EC12309722C001891F1 /* main.swift */; };
		C2907EC923097A11001891F1 /* AsciiDocHelper.swift in Sources */ = {isa = PBXBuildFile; fileRef = C2907EBE2309722C001891F1 /* AsciiDocHelper.swift */; };
		C2907ECA23097A19001891F1 /* AsciiDocHelperProtocol.swift in Sources */ = {isa = PBXBuildFile; fileRef = C2907EBD2309722C001891F1 /* AsciiDocHelperProtocol.swift */; };
/* End PBXBuildFile section */

/* Begin PBXFileReference section */
		C2907EBA2309722C001891F1 /* AsciiDocHelper.xpc */ = {isa = PBXFileReference; explicitFileType = "wrapper.xpc-service"; includeInIndex = 0; path = AsciiDocHelper.xpc; sourceTree = BUILT_PRODUCTS_DIR; };
		C2907EBD2309722C001891F1 /* AsciiDocHelperProtocol.swift */ = {isa = PBXFileReference; lastKnownFileType = sourcecode.swift; path = AsciiDocHelperProtocol.swift; sourceTree = "<group>"; };
		C2907EBE2309722C001891F1 /* AsciiDocHelper.swift */ = {isa = PBXFileReference; lastKnownFileType = sourcecode.swift; path = AsciiDocHelper.swift; sourceTree = "<group>"; };
		C2907EBF2309722C001891F1 /* AsciiDocHelperDelegate.swift */ = {isa = PBXFileReference; lastKnownFileType = sourcecode.swift; path = AsciiDocHelperDelegate.swift; sourceTree = "<group>"; };
		C2907EC12309722C001891F1 /* main.swift */ = {isa = PBXFileReference; lastKnownFileType = sourcecode.swift; path = main.swift; sourceTree = "<group>"; };
		C2907EC32309722C001891F1 /* Info.plist */ = {isa = PBXFileReference; lastKnownFileType = text.plist.xml; path = Info.plist; sourceTree = "<group>"; };
		C2907ECB2309C7DB001891F1 /* TestHelper.playground */ = {isa = PBXFileReference; lastKnownFileType = file.playground; path = TestHelper.playground; sourceTree = "<group>"; xcLanguageSpecificationIdentifier = xcode.lang.swift; };
/* End PBXFileReference section */

/* Begin PBXFrameworksBuildPhase section */
		C2907EB72309722C001891F1 /* Frameworks */ = {
			isa = PBXFrameworksBuildPhase;
			buildActionMask = 2147483647;
			files = (
			);
			runOnlyForDeploymentPostprocessing = 0;
		};
/* End PBXFrameworksBuildPhase section */

/* Begin PBXGroup section */
		C2907EB12309722C001891F1 = {
			isa = PBXGroup;
			children = (
				C2907ECB2309C7DB001891F1 /* TestHelper.playground */,
				C2907EBC2309722C001891F1 /* AsciiDocHelper */,
				C2907EBB2309722C001891F1 /* Products */,
			);
			sourceTree = "<group>";
		};
		C2907EBB2309722C001891F1 /* Products */ = {
			isa = PBXGroup;
			children = (
				C2907EBA2309722C001891F1 /* AsciiDocHelper.xpc */,
			);
			name = Products;
			sourceTree = "<group>";
		};
		C2907EBC2309722C001891F1 /* AsciiDocHelper */ = {
			isa = PBXGroup;
			children = (
				C2907EBD2309722C001891F1 /* AsciiDocHelperProtocol.swift */,
				C2907EBE2309722C001891F1 /* AsciiDocHelper.swift */,
				C2907EBF2309722C001891F1 /* AsciiDocHelperDelegate.swift */,
				C2907EC12309722C001891F1 /* main.swift */,
				C2907EC32309722C001891F1 /* Info.plist */,
			);
			path = AsciiDocHelper;
			sourceTree = "<group>";
		};
/* End PBXGroup section */

/* Begin PBXNativeTarget section */
		C2907EB92309722C001891F1 /* AsciiDocHelper */ = {
			isa = PBXNativeTarget;
			buildConfigurationList = C2907EC62309722C001891F1 /* Build configuration list for PBXNativeTarget "AsciiDocHelper" */;
			buildPhases = (
				C2907EB62309722C001891F1 /* Sources */,
				C2907EB72309722C001891F1 /* Frameworks */,
				C2907EB82309722C001891F1 /* Resources */,
			);
			buildRules = (
			);
			dependencies = (
			);
			name = AsciiDocHelper;
			productName = AsciiDocHelper;
			productReference = C2907EBA2309722C001891F1 /* AsciiDocHelper.xpc */;
			productType = "com.apple.product-type.xpc-service";
		};
/* End PBXNativeTarget section */

/* Begin PBXProject section */
		C2907EB22309722C001891F1 /* Project object */ = {
			isa = PBXProject;
			attributes = {
				LastUpgradeCheck = 1030;
				ORGANIZATIONNAME = "Clyde Clements";
				TargetAttributes = {
					C2907EB92309722C001891F1 = {
						CreatedOnToolsVersion = 10.3;
					};
				};
			};
			buildConfigurationList = C2907EB52309722C001891F1 /* Build configuration list for PBXProject "AsciiDocHelper" */;
			compatibilityVersion = "Xcode 9.3";
			developmentRegion = en;
			hasScannedForEncodings = 0;
			knownRegions = (
				en,
			);
			mainGroup = C2907EB12309722C001891F1;
			productRefGroup = C2907EBB2309722C001891F1 /* Products */;
			projectDirPath = "";
			projectRoot = "";
			targets = (
				C2907EB92309722C001891F1 /* AsciiDocHelper */,
			);
		};
/* End PBXProject section */

/* Begin PBXResourcesBuildPhase section */
		C2907EB82309722C001891F1 /* Resources */ = {
			isa = PBXResourcesBuildPhase;
			buildActionMask = 2147483647;
			files = (
			);
			runOnlyForDeploymentPostprocessing = 0;
		};
/* End PBXResourcesBuildPhase section */

/* Begin PBXSourcesBuildPhase section */
		C2907EB62309722C001891F1 /* Sources */ = {
			isa = PBXSourcesBuildPhase;
			buildActionMask = 2147483647;
			files = (
				C2907EC22309722C001891F1 /* main.swift in Sources */,
				C2907EC923097A11001891F1 /* AsciiDocHelper.swift in Sources */,
				C2907EC02309722C001891F1 /* AsciiDocHelperDelegate.swift in Sources */,
				C2907ECA23097A19001891F1 /* AsciiDocHelperProtocol.swift in Sources */,
			);
			runOnlyForDeploymentPostprocessing = 0;
		};
/* End PBXSourcesBuildPhase section */

/* Begin XCBuildConfiguration section */
		C2907EC42309722C001891F1 /* Debug */ = {
			isa = XCBuildConfiguration;
			buildSettings = {
				ALWAYS_SEARCH_USER_PATHS = NO;
				CLANG_ANALYZER_NONNULL = YES;
				CLANG_ANALYZER_NUMBER_OBJECT_CONVERSION = YES_AGGRESSIVE;
				CLANG_CXX_LANGUAGE_STANDARD = "gnu++14";
				CLANG_CXX_LIBRARY = "libc++";
				CLANG_ENABLE_MODULES = YES;
				CLANG_ENABLE_OBJC_ARC = YES;
				CLANG_ENABLE_OBJC_WEAK = YES;
				CLANG_WARN_BLOCK_CAPTURE_AUTORELEASING = YES;
				CLANG_WARN_BOOL_CONVERSION = YES;
				CLANG_WARN_COMMA = YES;
				CLANG_WARN_CONSTANT_CONVERSION = YES;
				CLANG_WARN_DEPRECATED_OBJC_IMPLEMENTATIONS = YES;
				CLANG_WARN_DIRECT_OBJC_ISA_USAGE = YES_ERROR;
				CLANG_WARN_DOCUMENTATION_COMMENTS = YES;
				CLANG_WARN_EMPTY_BODY = YES;
				CLANG_WARN_ENUM_CONVERSION = YES;
				CLANG_WARN_INFINITE_RECURSION = YES;
				CLANG_WARN_INT_CONVERSION = YES;
				CLANG_WARN_NON_LITERAL_NULL_CONVERSION = YES;
				CLANG_WARN_OBJC_IMPLICIT_RETAIN_SELF = YES;
				CLANG_WARN_OBJC_LITERAL_CONVERSION = YES;
				CLANG_WARN_OBJC_ROOT_CLASS = YES_ERROR;
				CLANG_WARN_RANGE_LOOP_ANALYSIS = YES;
				CLANG_WARN_STRICT_PROTOTYPES = YES;
				CLANG_WARN_SUSPICIOUS_MOVE = YES;
				CLANG_WARN_UNGUARDED_AVAILABILITY = YES_AGGRESSIVE;
				CLANG_WARN_UNREACHABLE_CODE = YES;
				CLANG_WARN__DUPLICATE_METHOD_MATCH = YES;
				CODE_SIGN_IDENTITY = "Mac Developer";
				COPY_PHASE_STRIP = NO;
				DEBUG_INFORMATION_FORMAT = dwarf;
				ENABLE_STRICT_OBJC_MSGSEND = YES;
				ENABLE_TESTABILITY = YES;
				GCC_C_LANGUAGE_STANDARD = gnu11;
				GCC_DYNAMIC_NO_PIC = NO;
				GCC_NO_COMMON_BLOCKS = YES;
				GCC_OPTIMIZATION_LEVEL = 0;
				GCC_PREPROCESSOR_DEFINITIONS = (
					"DEBUG=1",
					"$(inherited)",
				);
				GCC_WARN_64_TO_32_BIT_CONVERSION = YES;
				GCC_WARN_ABOUT_RETURN_TYPE = YES_ERROR;
				GCC_WARN_UNDECLARED_SELECTOR = YES;
				GCC_WARN_UNINITIALIZED_AUTOS = YES_AGGRESSIVE;
				GCC_WARN_UNUSED_FUNCTION = YES;
				GCC_WARN_UNUSED_VARIABLE = YES;
				MACOSX_DEPLOYMENT_TARGET = 10.14;
				MTL_ENABLE_DEBUG_INFO = INCLUDE_SOURCE;
				MTL_FAST_MATH = YES;
				ONLY_ACTIVE_ARCH = YES;
				SDKROOT = macosx;
			};
			name = Debug;
		};
		C2907EC52309722C001891F1 /* Release */ = {
			isa = XCBuildConfiguration;
			buildSettings = {
				ALWAYS_SEARCH_USER_PATHS = NO;
				CLANG_ANALYZER_NONNULL = YES;
				CLANG_ANALYZER_NUMBER_OBJECT_CONVERSION = YES_AGGRESSIVE;
				CLANG_CXX_LANGUAGE_STANDARD = "gnu++14";
				CLANG_CXX_LIBRARY = "libc++";
				CLANG_ENABLE_MODULES = YES;
				CLANG_ENABLE_OBJC_ARC = YES;
				CLANG_ENABLE_OBJC_WEAK = YES;
				CLANG_WARN_BLOCK_CAPTURE_AUTORELEASING = YES;
				CLANG_WARN_BOOL_CONVERSION = YES;
				CLANG_WARN_COMMA = YES;
				CLANG_WARN_CONSTANT_CONVERSION = YES;
				CLANG_WARN_DEPRECATED_OBJC_IMPLEMENTATIONS = YES;
				CLANG_WARN_DIRECT_OBJC_ISA_USAGE = YES_ERROR;
				CLANG_WARN_DOCUMENTATION_COMMENTS = YES;
				CLANG_WARN_EMPTY_BODY = YES;
				CLANG_WARN_ENUM_CONVERSION = YES;
				CLANG_WARN_INFINITE_RECURSION = YES;
				CLANG_WARN_INT_CONVERSION = YES;
				CLANG_WARN_NON_LITERAL_NULL_CONVERSION = YES;
				CLANG_WARN_OBJC_IMPLICIT_RETAIN_SELF = YES;
				CLANG_WARN_OBJC_LITERAL_CONVERSION = YES;
				CLANG_WARN_OBJC_ROOT_CLASS = YES_ERROR;
				CLANG_WARN_RANGE_LOOP_ANALYSIS = YES;
				CLANG_WARN_STRICT_PROTOTYPES = YES;
				CLANG_WARN_SUSPICIOUS_MOVE = YES;
				CLANG_WARN_UNGUARDED_AVAILABILITY = YES_AGGRESSIVE;
				CLANG_WARN_UNREACHABLE_CODE = YES;
				CLANG_WARN__DUPLICATE_METHOD_MATCH = YES;
				CODE_SIGN_IDENTITY = "Mac Developer";
				COPY_PHASE_STRIP = NO;
				DEBUG_INFORMATION_FORMAT = "dwarf-with-dsym";
				ENABLE_NS_ASSERTIONS = NO;
				ENABLE_STRICT_OBJC_MSGSEND = YES;
				GCC_C_LANGUAGE_STANDARD = gnu11;
				GCC_NO_COMMON_BLOCKS = YES;
				GCC_WARN_64_TO_32_BIT_CONVERSION = YES;
				GCC_WARN_ABOUT_RETURN_TYPE = YES_ERROR;
				GCC_WARN_UNDECLARED_SELECTOR = YES;
				GCC_WARN_UNINITIALIZED_AUTOS = YES_AGGRESSIVE;
				GCC_WARN_UNUSED_FUNCTION = YES;
				GCC_WARN_UNUSED_VARIABLE = YES;
				MACOSX_DEPLOYMENT_TARGET = 10.14;
				MTL_ENABLE_DEBUG_INFO = NO;
				MTL_FAST_MATH = YES;
				SDKROOT = macosx;
			};
			name = Release;
		};
		C2907EC72309722C001891F1 /* Debug */ = {
			isa = XCBuildConfiguration;
			buildSettings = {
				CODE_SIGN_STYLE = Automatic;
				COMBINE_HIDPI_IMAGES = YES;
				DEVELOPMENT_TEAM = LYJQR9E3B7;
				INFOPLIST_FILE = AsciiDocHelper/Info.plist;
				LD_RUNPATH_SEARCH_PATHS = "@loader_path/../../../../Frameworks";
				MACOSX_DEPLOYMENT_TARGET = 10.11;
				PRODUCT_BUNDLE_IDENTIFIER = ca.bluemist2.AsciiDocHelper;
				PRODUCT_NAME = "$(TARGET_NAME)";
				SKIP_INSTALL = YES;
				SWIFT_INSTALL_OBJC_HEADER = NO;
				SWIFT_OBJC_INTERFACE_HEADER_NAME = "";
				SWIFT_VERSION = 5.0;
			};
			name = Debug;
		};
		C2907EC82309722C001891F1 /* Release */ = {
			isa = XCBuildConfiguration;
			buildSettings = {
				CODE_SIGN_STYLE = Automatic;
				COMBINE_HIDPI_IMAGES = YES;
				DEVELOPMENT_TEAM = LYJQR9E3B7;
				INFOPLIST_FILE = AsciiDocHelper/Info.plist;
				LD_RUNPATH_SEARCH_PATHS = "@loader_path/../../../../Frameworks";
				MACOSX_DEPLOYMENT_TARGET = 10.11;
				PRODUCT_BUNDLE_IDENTIFIER = ca.bluemist2.AsciiDocHelper;
				PRODUCT_NAME = "$(TARGET_NAME)";
				SKIP_INSTALL = YES;
				SWIFT_INSTALL_OBJC_HEADER = NO;
				SWIFT_OBJC_INTERFACE_HEADER_NAME = "";
				SWIFT_VERSION = 5.0;
			};
			name = Release;
		};
/* End XCBuildConfiguration section */

/* Begin XCConfigurationList section */
		C2907EB52309722C001891F1 /* Build configuration list for PBXProject "AsciiDocHelper" */ = {
			isa = XCConfigurationList;
			buildConfigurations = (
				C2907EC42309722C001891F1 /* Debug */,
				C2907EC52309722C001891F1 /* Release */,
			);
			defaultConfigurationIsVisible = 0;
			defaultConfigurationName = Release;
		};
		C2907EC62309722C001891F1 /* Build configuration list for PBXNativeTarget "AsciiDocHelper" */ = {
			isa = XCConfigurationList;
			buildConfigurations = (
				C2907EC72309722C001891F1 /* Debug */,
				C2907EC82309722C001891F1 /* Release */,
			);
			defaultConfigurationIsVisible = 0;
			defaultConfigurationName = Release;
		};
/* End XCConfigurationList section */
	};
	rootObject = C2907EB22309722C001891F1 /* Project object */;
}
