// !$*UTF8*$!
{
	archiveVersion = 1;
	classes = {
	};
	objectVersion = 46;
	objects = {

/* Begin PBXBuildFile section */
		C2805B421E159885002CE600 /* main.c in Sources */ = {isa = PBXBuildFile; fileRef = C2805B411E159885002CE600 /* main.c */; };
		C2805B441E159885002CE600 /* GetMetadataForFile.m in Sources */ = {isa = PBXBuildFile; fileRef = C2805B431E159885002CE600 /* GetMetadataForFile.m */; };
		C2907EA8230040E6001891F1 /* schema.xml in Resources */ = {isa = PBXBuildFile; fileRef = C2907EA7230040E6001891F1 /* schema.xml */; };
		C2907EE6230E01AB001891F1 /* AsciiDocSpotlightTests.swift in Sources */ = {isa = PBXBuildFile; fileRef = C2907EE5230E01AB001891F1 /* AsciiDocSpotlightTests.swift */; };
		C2907EF1230F4D50001891F1 /* AsciiDocImporter.swift in Sources */ = {isa = PBXBuildFile; fileRef = C290AB3A1E1691A7009EF87B /* AsciiDocImporter.swift */; };
		C2907F3C231AF080001891F1 /* AsciiDoc.m in Sources */ = {isa = PBXBuildFile; fileRef = C2907F3B231AF080001891F1 /* AsciiDoc.m */; };
		C2907F4D231C402E001891F1 /* main.m in Sources */ = {isa = PBXBuildFile; fileRef = C2907F45231C3D64001891F1 /* main.m */; };
		C2907F4E231C427A001891F1 /* AsciiDoc.m in Sources */ = {isa = PBXBuildFile; fileRef = C2907F3B231AF080001891F1 /* AsciiDoc.m */; };
		C2907F51231C7D01001891F1 /* Ruby.framework in Frameworks */ = {isa = PBXBuildFile; fileRef = C2907F50231C7D01001891F1 /* Ruby.framework */; };
		C2907F5223208B71001891F1 /* Ruby.framework in Frameworks */ = {isa = PBXBuildFile; fileRef = C2907F50231C7D01001891F1 /* Ruby.framework */; };
/* End PBXBuildFile section */

/* Begin PBXCopyFilesBuildPhase section */
		C2907F41231C3D64001891F1 /* CopyFiles */ = {
			isa = PBXCopyFilesBuildPhase;
			buildActionMask = 2147483647;
			dstPath = /usr/share/man/man1/;
			dstSubfolderSpec = 0;
			files = (
			);
			runOnlyForDeploymentPostprocessing = 1;
		};
/* End PBXCopyFilesBuildPhase section */

/* Begin PBXFileReference section */
		C2805B3D1E159885002CE600 /* AsciiDoc.mdimporter */ = {isa = PBXFileReference; explicitFileType = "wrapper.spotlight-importer"; includeInIndex = 0; path = AsciiDoc.mdimporter; sourceTree = BUILT_PRODUCTS_DIR; };
		C2805B411E159885002CE600 /* main.c */ = {isa = PBXFileReference; lastKnownFileType = sourcecode.c.c; path = main.c; sourceTree = "<group>"; };
		C2805B431E159885002CE600 /* GetMetadataForFile.m */ = {isa = PBXFileReference; lastKnownFileType = sourcecode.c.objc; path = GetMetadataForFile.m; sourceTree = "<group>"; };
		C2805B491E159885002CE600 /* Info.plist */ = {isa = PBXFileReference; lastKnownFileType = text.plist.xml; path = Info.plist; sourceTree = "<group>"; };
		C2907EA7230040E6001891F1 /* schema.xml */ = {isa = PBXFileReference; lastKnownFileType = text.xml; path = schema.xml; sourceTree = "<group>"; };
		C2907EE3230E01AB001891F1 /* AsciiDocSpotlightTests.xctest */ = {isa = PBXFileReference; explicitFileType = wrapper.cfbundle; includeInIndex = 0; path = AsciiDocSpotlightTests.xctest; sourceTree = BUILT_PRODUCTS_DIR; };
		C2907EE5230E01AB001891F1 /* AsciiDocSpotlightTests.swift */ = {isa = PBXFileReference; lastKnownFileType = sourcecode.swift; path = AsciiDocSpotlightTests.swift; sourceTree = "<group>"; };
		C2907EE7230E01AB001891F1 /* Info.plist */ = {isa = PBXFileReference; lastKnownFileType = text.plist.xml; path = Info.plist; sourceTree = "<group>"; };
		C2907F3B231AF080001891F1 /* AsciiDoc.m */ = {isa = PBXFileReference; lastKnownFileType = sourcecode.c.objc; path = AsciiDoc.m; sourceTree = "<group>"; };
		C2907F3D231AF101001891F1 /* AsciiDoc.h */ = {isa = PBXFileReference; lastKnownFileType = sourcecode.c.h; path = AsciiDoc.h; sourceTree = "<group>"; };
		C2907F43231C3D64001891F1 /* AsciiDocRunner */ = {isa = PBXFileReference; explicitFileType = "compiled.mach-o.executable"; includeInIndex = 0; path = AsciiDocRunner; sourceTree = BUILT_PRODUCTS_DIR; };
		C2907F45231C3D64001891F1 /* main.m */ = {isa = PBXFileReference; lastKnownFileType = sourcecode.c.objc; path = main.m; sourceTree = "<group>"; };
		C2907F50231C7D01001891F1 /* Ruby.framework */ = {isa = PBXFileReference; lastKnownFileType = wrapper.framework; name = Ruby.framework; path = System/Library/Frameworks/Ruby.framework; sourceTree = SDKROOT; };
		C2907F532321D4E9001891F1 /* Resources */ = {isa = PBXFileReference; lastKnownFileType = folder; path = Resources; sourceTree = "<group>"; };
		C290AB391E1691A7009EF87B /* AsciiDoc-Bridging-Header.h */ = {isa = PBXFileReference; lastKnownFileType = sourcecode.c.h; path = "AsciiDoc-Bridging-Header.h"; sourceTree = "<group>"; };
		C290AB3A1E1691A7009EF87B /* AsciiDocImporter.swift */ = {isa = PBXFileReference; fileEncoding = 4; lastKnownFileType = sourcecode.swift; path = AsciiDocImporter.swift; sourceTree = "<group>"; };
/* End PBXFileReference section */

/* Begin PBXFrameworksBuildPhase section */
		C2805B3A1E159885002CE600 /* Frameworks */ = {
			isa = PBXFrameworksBuildPhase;
			buildActionMask = 2147483647;
			files = (
				C2907F5223208B71001891F1 /* Ruby.framework in Frameworks */,
			);
			runOnlyForDeploymentPostprocessing = 0;
		};
		C2907EE0230E01AB001891F1 /* Frameworks */ = {
			isa = PBXFrameworksBuildPhase;
			buildActionMask = 2147483647;
			files = (
			);
			runOnlyForDeploymentPostprocessing = 0;
		};
		C2907F40231C3D64001891F1 /* Frameworks */ = {
			isa = PBXFrameworksBuildPhase;
			buildActionMask = 2147483647;
			files = (
				C2907F51231C7D01001891F1 /* Ruby.framework in Frameworks */,
			);
			runOnlyForDeploymentPostprocessing = 0;
		};
/* End PBXFrameworksBuildPhase section */

/* Begin PBXGroup section */
		C2805B341E159885002CE600 = {
			isa = PBXGroup;
			children = (
				C2907F3A231AE6DD001891F1 /* AsciiDoc */,
				C2805B3F1E159885002CE600 /* AsciiDocSpotlight */,
				C2907F532321D4E9001891F1 /* Resources */,
				C2907EE4230E01AB001891F1 /* AsciiDocSpotlightTests */,
				C2805B3E1E159885002CE600 /* Products */,
				C2907F4F231C7D01001891F1 /* Frameworks */,
			);
			sourceTree = "<group>";
		};
		C2805B3E1E159885002CE600 /* Products */ = {
			isa = PBXGroup;
			children = (
				C2805B3D1E159885002CE600 /* AsciiDoc.mdimporter */,
				C2907EE3230E01AB001891F1 /* AsciiDocSpotlightTests.xctest */,
				C2907F43231C3D64001891F1 /* AsciiDocRunner */,
			);
			name = Products;
			sourceTree = "<group>";
		};
		C2805B3F1E159885002CE600 /* AsciiDocSpotlight */ = {
			isa = PBXGroup;
			children = (
				C290AB3A1E1691A7009EF87B /* AsciiDocImporter.swift */,
				C2805B431E159885002CE600 /* GetMetadataForFile.m */,
				C2805B491E159885002CE600 /* Info.plist */,
				C2805B411E159885002CE600 /* main.c */,
				C290AB391E1691A7009EF87B /* AsciiDoc-Bridging-Header.h */,
				C2907EA7230040E6001891F1 /* schema.xml */,
			);
			path = AsciiDocSpotlight;
			sourceTree = "<group>";
		};
		C2907EE4230E01AB001891F1 /* AsciiDocSpotlightTests */ = {
			isa = PBXGroup;
			children = (
				C2907EE5230E01AB001891F1 /* AsciiDocSpotlightTests.swift */,
				C2907EE7230E01AB001891F1 /* Info.plist */,
			);
			path = AsciiDocSpotlightTests;
			sourceTree = "<group>";
		};
		C2907F3A231AE6DD001891F1 /* AsciiDoc */ = {
			isa = PBXGroup;
			children = (
				C2907F3B231AF080001891F1 /* AsciiDoc.m */,
				C2907F3D231AF101001891F1 /* AsciiDoc.h */,
				C2907F45231C3D64001891F1 /* main.m */,
			);
			path = AsciiDoc;
			sourceTree = "<group>";
		};
		C2907F4F231C7D01001891F1 /* Frameworks */ = {
			isa = PBXGroup;
			children = (
				C2907F50231C7D01001891F1 /* Ruby.framework */,
			);
			name = Frameworks;
			sourceTree = "<group>";
		};
/* End PBXGroup section */

/* Begin PBXNativeTarget section */
		C2805B3C1E159885002CE600 /* AsciiDoc */ = {
			isa = PBXNativeTarget;
			buildConfigurationList = C2805B4C1E159885002CE600 /* Build configuration list for PBXNativeTarget "AsciiDoc" */;
			buildPhases = (
				C2805B391E159885002CE600 /* Sources */,
				C2805B3A1E159885002CE600 /* Frameworks */,
				C2805B3B1E159885002CE600 /* Resources */,
			);
			buildRules = (
			);
			dependencies = (
			);
			name = AsciiDoc;
			productName = "AsciiDoc Spotlight";
			productReference = C2805B3D1E159885002CE600 /* AsciiDoc.mdimporter */;
			productType = "com.apple.product-type.spotlight-importer";
		};
		C2907EE2230E01AB001891F1 /* AsciiDocSpotlightTests */ = {
			isa = PBXNativeTarget;
			buildConfigurationList = C2907EEA230E01AB001891F1 /* Build configuration list for PBXNativeTarget "AsciiDocSpotlightTests" */;
			buildPhases = (
				C2907EDF230E01AB001891F1 /* Sources */,
				C2907EE0230E01AB001891F1 /* Frameworks */,
				C2907EE1230E01AB001891F1 /* Resources */,
			);
			buildRules = (
			);
			dependencies = (
			);
			name = AsciiDocSpotlightTests;
			productName = AsciiDocSpotlightTests;
			productReference = C2907EE3230E01AB001891F1 /* AsciiDocSpotlightTests.xctest */;
			productType = "com.apple.product-type.bundle.unit-test";
		};
		C2907F42231C3D64001891F1 /* AsciiDocRunner */ = {
			isa = PBXNativeTarget;
			buildConfigurationList = C2907F47231C3D64001891F1 /* Build configuration list for PBXNativeTarget "AsciiDocRunner" */;
			buildPhases = (
				C2907F3F231C3D64001891F1 /* Sources */,
				C2907F40231C3D64001891F1 /* Frameworks */,
				C2907F41231C3D64001891F1 /* CopyFiles */,
			);
			buildRules = (
			);
			dependencies = (
			);
			name = AsciiDocRunner;
			productName = AsciiDocRunner;
			productReference = C2907F43231C3D64001891F1 /* AsciiDocRunner */;
			productType = "com.apple.product-type.tool";
		};
/* End PBXNativeTarget section */

/* Begin PBXProject section */
		C2805B351E159885002CE600 /* Project object */ = {
			isa = PBXProject;
			attributes = {
				LastSwiftUpdateCheck = 1030;
				LastUpgradeCheck = 1010;
				ORGANIZATIONNAME = "Clyde Clements";
				TargetAttributes = {
					C2805B3C1E159885002CE600 = {
						CreatedOnToolsVersion = 8.2;
						LastSwiftMigration = 1030;
						ProvisioningStyle = Automatic;
					};
					C2907EE2230E01AB001891F1 = {
						CreatedOnToolsVersion = 10.3;
						DevelopmentTeam = LYJQR9E3B7;
						ProvisioningStyle = Automatic;
					};
					C2907F42231C3D64001891F1 = {
						CreatedOnToolsVersion = 10.3;
						DevelopmentTeam = LYJQR9E3B7;
						ProvisioningStyle = Automatic;
					};
				};
			};
			buildConfigurationList = C2805B381E159885002CE600 /* Build configuration list for PBXProject "AsciiDocSpotlight" */;
			compatibilityVersion = "Xcode 3.2";
			developmentRegion = en;
			hasScannedForEncodings = 0;
			knownRegions = (
				en,
				Base,
			);
			mainGroup = C2805B341E159885002CE600;
			productRefGroup = C2805B3E1E159885002CE600 /* Products */;
			projectDirPath = "";
			projectRoot = "";
			targets = (
				C2805B3C1E159885002CE600 /* AsciiDoc */,
				C2907EE2230E01AB001891F1 /* AsciiDocSpotlightTests */,
				C2907F42231C3D64001891F1 /* AsciiDocRunner */,
			);
		};
/* End PBXProject section */

/* Begin PBXResourcesBuildPhase section */
		C2805B3B1E159885002CE600 /* Resources */ = {
			isa = PBXResourcesBuildPhase;
			buildActionMask = 2147483647;
			files = (
				C2907EA8230040E6001891F1 /* schema.xml in Resources */,
			);
			runOnlyForDeploymentPostprocessing = 0;
		};
		C2907EE1230E01AB001891F1 /* Resources */ = {
			isa = PBXResourcesBuildPhase;
			buildActionMask = 2147483647;
			files = (
			);
			runOnlyForDeploymentPostprocessing = 0;
		};
/* End PBXResourcesBuildPhase section */

/* Begin PBXSourcesBuildPhase section */
		C2805B391E159885002CE600 /* Sources */ = {
			isa = PBXSourcesBuildPhase;
			buildActionMask = 2147483647;
			files = (
				C2907F3C231AF080001891F1 /* AsciiDoc.m in Sources */,
				C2805B421E159885002CE600 /* main.c in Sources */,
				C2805B441E159885002CE600 /* GetMetadataForFile.m in Sources */,
			);
			runOnlyForDeploymentPostprocessing = 0;
		};
		C2907EDF230E01AB001891F1 /* Sources */ = {
			isa = PBXSourcesBuildPhase;
			buildActionMask = 2147483647;
			files = (
				C2907EF1230F4D50001891F1 /* AsciiDocImporter.swift in Sources */,
				C2907EE6230E01AB001891F1 /* AsciiDocSpotlightTests.swift in Sources */,
			);
			runOnlyForDeploymentPostprocessing = 0;
		};
		C2907F3F231C3D64001891F1 /* Sources */ = {
			isa = PBXSourcesBuildPhase;
			buildActionMask = 2147483647;
			files = (
				C2907F4E231C427A001891F1 /* AsciiDoc.m in Sources */,
				C2907F4D231C402E001891F1 /* main.m in Sources */,
			);
			runOnlyForDeploymentPostprocessing = 0;
		};
/* End PBXSourcesBuildPhase section */

/* Begin XCBuildConfiguration section */
		C2805B4A1E159885002CE600 /* Debug */ = {
			isa = XCBuildConfiguration;
			buildSettings = {
				ALWAYS_SEARCH_USER_PATHS = NO;
				CLANG_ANALYZER_NONNULL = YES;
				CLANG_CXX_LANGUAGE_STANDARD = "gnu++0x";
				CLANG_CXX_LIBRARY = "libc++";
				CLANG_ENABLE_MODULES = YES;
				CLANG_ENABLE_OBJC_ARC = YES;
				CLANG_WARN_BLOCK_CAPTURE_AUTORELEASING = YES;
				CLANG_WARN_BOOL_CONVERSION = YES;
				CLANG_WARN_COMMA = YES;
				CLANG_WARN_CONSTANT_CONVERSION = YES;
				CLANG_WARN_DEPRECATED_OBJC_IMPLEMENTATIONS = YES;
				CLANG_WARN_DIRECT_OBJC_ISA_USAGE = YES_ERROR;
				CLANG_WARN_DOCUMENTATION_COMMENTS = YES;
				CLANG_WARN_EMPTY_BODY = YES;
				CLANG_WARN_ENUM_CONVERSION = YES;
				CLANG_WARN_INFINITE_RECURSION = YES;
				CLANG_WARN_INT_CONVERSION = YES;
				CLANG_WARN_NON_LITERAL_NULL_CONVERSION = YES;
				CLANG_WARN_OBJC_IMPLICIT_RETAIN_SELF = YES;
				CLANG_WARN_OBJC_LITERAL_CONVERSION = YES;
				CLANG_WARN_OBJC_ROOT_CLASS = YES_ERROR;
				CLANG_WARN_RANGE_LOOP_ANALYSIS = YES;
				CLANG_WARN_STRICT_PROTOTYPES = YES;
				CLANG_WARN_SUSPICIOUS_MOVE = YES;
				CLANG_WARN_UNREACHABLE_CODE = YES;
				CLANG_WARN__DUPLICATE_METHOD_MATCH = YES;
				CODE_SIGN_IDENTITY = "-";
				COPY_PHASE_STRIP = NO;
				DEBUG_INFORMATION_FORMAT = dwarf;
				ENABLE_STRICT_OBJC_MSGSEND = YES;
				ENABLE_TESTABILITY = YES;
				GCC_C_LANGUAGE_STANDARD = gnu99;
				GCC_DYNAMIC_NO_PIC = NO;
				GCC_NO_COMMON_BLOCKS = YES;
				GCC_OPTIMIZATION_LEVEL = 0;
				GCC_PREPROCESSOR_DEFINITIONS = (
					"DEBUG=1",
					"$(inherited)",
				);
				GCC_WARN_64_TO_32_BIT_CONVERSION = YES;
				GCC_WARN_ABOUT_RETURN_TYPE = YES_ERROR;
				GCC_WARN_UNDECLARED_SELECTOR = YES;
				GCC_WARN_UNINITIALIZED_AUTOS = YES_AGGRESSIVE;
				GCC_WARN_UNUSED_FUNCTION = YES;
				GCC_WARN_UNUSED_VARIABLE = YES;
				MACOSX_DEPLOYMENT_TARGET = 10.11;
				MTL_ENABLE_DEBUG_INFO = YES;
				ONLY_ACTIVE_ARCH = YES;
				SDKROOT = macosx;
			};
			name = Debug;
		};
		C2805B4B1E159885002CE600 /* Release */ = {
			isa = XCBuildConfiguration;
			buildSettings = {
				ALWAYS_SEARCH_USER_PATHS = NO;
				CLANG_ANALYZER_NONNULL = YES;
				CLANG_CXX_LANGUAGE_STANDARD = "gnu++0x";
				CLANG_CXX_LIBRARY = "libc++";
				CLANG_ENABLE_MODULES = YES;
				CLANG_ENABLE_OBJC_ARC = YES;
				CLANG_WARN_BLOCK_CAPTURE_AUTORELEASING = YES;
				CLANG_WARN_BOOL_CONVERSION = YES;
				CLANG_WARN_COMMA = YES;
				CLANG_WARN_CONSTANT_CONVERSION = YES;
				CLANG_WARN_DEPRECATED_OBJC_IMPLEMENTATIONS = YES;
				CLANG_WARN_DIRECT_OBJC_ISA_USAGE = YES_ERROR;
				CLANG_WARN_DOCUMENTATION_COMMENTS = YES;
				CLANG_WARN_EMPTY_BODY = YES;
				CLANG_WARN_ENUM_CONVERSION = YES;
				CLANG_WARN_INFINITE_RECURSION = YES;
				CLANG_WARN_INT_CONVERSION = YES;
				CLANG_WARN_NON_LITERAL_NULL_CONVERSION = YES;
				CLANG_WARN_OBJC_IMPLICIT_RETAIN_SELF = YES;
				CLANG_WARN_OBJC_LITERAL_CONVERSION = YES;
				CLANG_WARN_OBJC_ROOT_CLASS = YES_ERROR;
				CLANG_WARN_RANGE_LOOP_ANALYSIS = YES;
				CLANG_WARN_STRICT_PROTOTYPES = YES;
				CLANG_WARN_SUSPICIOUS_MOVE = YES;
				CLANG_WARN_UNREACHABLE_CODE = YES;
				CLANG_WARN__DUPLICATE_METHOD_MATCH = YES;
				CODE_SIGN_IDENTITY = "-";
				COPY_PHASE_STRIP = NO;
				DEBUG_INFORMATION_FORMAT = "dwarf-with-dsym";
				ENABLE_NS_ASSERTIONS = NO;
				ENABLE_STRICT_OBJC_MSGSEND = YES;
				GCC_C_LANGUAGE_STANDARD = gnu99;
				GCC_NO_COMMON_BLOCKS = YES;
				GCC_WARN_64_TO_32_BIT_CONVERSION = YES;
				GCC_WARN_ABOUT_RETURN_TYPE = YES_ERROR;
				GCC_WARN_UNDECLARED_SELECTOR = YES;
				GCC_WARN_UNINITIALIZED_AUTOS = YES_AGGRESSIVE;
				GCC_WARN_UNUSED_FUNCTION = YES;
				GCC_WARN_UNUSED_VARIABLE = YES;
				MACOSX_DEPLOYMENT_TARGET = 10.11;
				MTL_ENABLE_DEBUG_INFO = NO;
				SDKROOT = macosx;
				SWIFT_COMPILATION_MODE = wholemodule;
			};
			name = Release;
		};
		C2805B4D1E159885002CE600 /* Debug */ = {
			isa = XCBuildConfiguration;
			buildSettings = {
				ALWAYS_EMBED_SWIFT_STANDARD_LIBRARIES = YES;
				ALWAYS_SEARCH_USER_PATHS = YES;
				CLANG_ENABLE_MODULES = YES;
				COMBINE_HIDPI_IMAGES = YES;
				GCC_PREPROCESSOR_DEFINITIONS = (
					"DEBUG=1",
					"GEM_PATH=\"/usr/local/Cellar/asciidoctor/1.5.8/libexec:\"",
					"RESOURCE_PATH=\"$(SRCROOT)/Resources\"",
				);
				HEADER_SEARCH_PATHS = "$(SRCROOT)/AsciiDoc";
				INFOPLIST_FILE = AsciiDocSpotlight/Info.plist;
				INSTALL_PATH = "@executable_path/../Contents/Library/Spotlight";
				LD_RUNPATH_SEARCH_PATHS = "$(inherited) @loader_path/../Frameworks";
				LIBRARY_STYLE = BUNDLE;
				MACOSX_DEPLOYMENT_TARGET = 10.12;
				PRODUCT_BUNDLE_IDENTIFIER = ca.bluemist2.AsciiDocSpotlight;
				PRODUCT_NAME = "$(TARGET_NAME)";
				SKIP_INSTALL = YES;
				SWIFT_OBJC_BRIDGING_HEADER = "AsciiDocSpotlight/AsciiDoc-Bridging-Header.h";
				SWIFT_OPTIMIZATION_LEVEL = "-Onone";
				SWIFT_VERSION = 5.0;
				WRAPPER_EXTENSION = mdimporter;
			};
			name = Debug;
		};
		C2805B4E1E159885002CE600 /* Release */ = {
			isa = XCBuildConfiguration;
			buildSettings = {
				ALWAYS_EMBED_SWIFT_STANDARD_LIBRARIES = YES;
				ALWAYS_SEARCH_USER_PATHS = YES;
				CLANG_ENABLE_MODULES = YES;
				COMBINE_HIDPI_IMAGES = YES;
				HEADER_SEARCH_PATHS = "$(SRCROOT)/AsciiDoc";
				INFOPLIST_FILE = AsciiDocSpotlight/Info.plist;
				INSTALL_PATH = "@executable_path/../Contents/Library/Spotlight";
				LD_RUNPATH_SEARCH_PATHS = "$(inherited) @loader_path/../Frameworks";
				LIBRARY_STYLE = BUNDLE;
				MACOSX_DEPLOYMENT_TARGET = 10.12;
				PRODUCT_BUNDLE_IDENTIFIER = ca.bluemist2.AsciiDocSpotlight;
				PRODUCT_NAME = "$(TARGET_NAME)";
				SKIP_INSTALL = YES;
				SWIFT_OBJC_BRIDGING_HEADER = "AsciiDocSpotlight/AsciiDoc-Bridging-Header.h";
				SWIFT_VERSION = 5.0;
				WRAPPER_EXTENSION = mdimporter;
			};
			name = Release;
		};
		C2907EE8230E01AB001891F1 /* Debug */ = {
			isa = XCBuildConfiguration;
			buildSettings = {
				CLANG_ANALYZER_NUMBER_OBJECT_CONVERSION = YES_AGGRESSIVE;
				CLANG_CXX_LANGUAGE_STANDARD = "gnu++14";
				CLANG_ENABLE_OBJC_WEAK = YES;
				CLANG_WARN_UNGUARDED_AVAILABILITY = YES_AGGRESSIVE;
				CODE_SIGN_IDENTITY = "Mac Developer";
				CODE_SIGN_STYLE = Automatic;
				COMBINE_HIDPI_IMAGES = YES;
				DEVELOPMENT_TEAM = LYJQR9E3B7;
				GCC_C_LANGUAGE_STANDARD = gnu11;
				INFOPLIST_FILE = AsciiDocSpotlightTests/Info.plist;
				LD_RUNPATH_SEARCH_PATHS = "$(inherited) @executable_path/../Frameworks @loader_path/../Frameworks";
				MACOSX_DEPLOYMENT_TARGET = 10.14;
				MTL_ENABLE_DEBUG_INFO = INCLUDE_SOURCE;
				MTL_FAST_MATH = YES;
				PRODUCT_BUNDLE_IDENTIFIER = ca.bluemist2.AsciiDocSpotlightTests;
				PRODUCT_NAME = "$(TARGET_NAME)";
				SWIFT_ACTIVE_COMPILATION_CONDITIONS = DEBUG;
				SWIFT_OPTIMIZATION_LEVEL = "-Onone";
				SWIFT_VERSION = 5.0;
			};
			name = Debug;
		};
		C2907EE9230E01AB001891F1 /* Release */ = {
			isa = XCBuildConfiguration;
			buildSettings = {
				CLANG_ANALYZER_NUMBER_OBJECT_CONVERSION = YES_AGGRESSIVE;
				CLANG_CXX_LANGUAGE_STANDARD = "gnu++14";
				CLANG_ENABLE_OBJC_WEAK = YES;
				CLANG_WARN_UNGUARDED_AVAILABILITY = YES_AGGRESSIVE;
				CODE_SIGN_IDENTITY = "Mac Developer";
				CODE_SIGN_STYLE = Automatic;
				COMBINE_HIDPI_IMAGES = YES;
				DEVELOPMENT_TEAM = LYJQR9E3B7;
				GCC_C_LANGUAGE_STANDARD = gnu11;
				INFOPLIST_FILE = AsciiDocSpotlightTests/Info.plist;
				LD_RUNPATH_SEARCH_PATHS = "$(inherited) @executable_path/../Frameworks @loader_path/../Frameworks";
				MACOSX_DEPLOYMENT_TARGET = 10.14;
				MTL_FAST_MATH = YES;
				PRODUCT_BUNDLE_IDENTIFIER = ca.bluemist2.AsciiDocSpotlightTests;
				PRODUCT_NAME = "$(TARGET_NAME)";
				SWIFT_OPTIMIZATION_LEVEL = "-O";
				SWIFT_VERSION = 5.0;
			};
			name = Release;
		};
		C2907F48231C3D64001891F1 /* Debug */ = {
			isa = XCBuildConfiguration;
			buildSettings = {
				CLANG_ANALYZER_NUMBER_OBJECT_CONVERSION = YES_AGGRESSIVE;
				CLANG_CXX_LANGUAGE_STANDARD = "gnu++14";
				CLANG_ENABLE_OBJC_WEAK = YES;
				CLANG_WARN_UNGUARDED_AVAILABILITY = YES_AGGRESSIVE;
				CODE_SIGN_IDENTITY = "Mac Developer";
				CODE_SIGN_STYLE = Automatic;
				DEVELOPMENT_TEAM = LYJQR9E3B7;
				GCC_C_LANGUAGE_STANDARD = gnu11;
				GCC_PREPROCESSOR_DEFINITIONS = (
					"DEBUG=1",
					"GEM_PATH=\"/usr/local/Cellar/asciidoctor/1.5.8/libexec:\"",
					"RESOURCE_PATH=\"$(SRCROOT)/Resources\"",
					"SRCROOT=\"$(SRCROOT)\"",
				);
				MACOSX_DEPLOYMENT_TARGET = 10.12;
				MTL_ENABLE_DEBUG_INFO = INCLUDE_SOURCE;
				MTL_FAST_MATH = YES;
				PRODUCT_NAME = "$(TARGET_NAME)";
			};
			name = Debug;
		};
		C2907F49231C3D64001891F1 /* Release */ = {
			isa = XCBuildConfiguration;
			buildSettings = {
				CLANG_ANALYZER_NUMBER_OBJECT_CONVERSION = YES_AGGRESSIVE;
				CLANG_CXX_LANGUAGE_STANDARD = "gnu++14";
				CLANG_ENABLE_OBJC_WEAK = YES;
				CLANG_WARN_UNGUARDED_AVAILABILITY = YES_AGGRESSIVE;
				CODE_SIGN_IDENTITY = "Mac Developer";
				CODE_SIGN_STYLE = Automatic;
				DEVELOPMENT_TEAM = LYJQR9E3B7;
				GCC_C_LANGUAGE_STANDARD = gnu11;
				MACOSX_DEPLOYMENT_TARGET = 10.12;
				MTL_FAST_MATH = YES;
				PRODUCT_NAME = "$(TARGET_NAME)";
			};
			name = Release;
		};
/* End XCBuildConfiguration section */

/* Begin XCConfigurationList section */
		C2805B381E159885002CE600 /* Build configuration list for PBXProject "AsciiDocSpotlight" */ = {
			isa = XCConfigurationList;
			buildConfigurations = (
				C2805B4A1E159885002CE600 /* Debug */,
				C2805B4B1E159885002CE600 /* Release */,
			);
			defaultConfigurationIsVisible = 0;
			defaultConfigurationName = Release;
		};
		C2805B4C1E159885002CE600 /* Build configuration list for PBXNativeTarget "AsciiDoc" */ = {
			isa = XCConfigurationList;
			buildConfigurations = (
				C2805B4D1E159885002CE600 /* Debug */,
				C2805B4E1E159885002CE600 /* Release */,
			);
			defaultConfigurationIsVisible = 0;
			defaultConfigurationName = Release;
		};
		C2907EEA230E01AB001891F1 /* Build configuration list for PBXNativeTarget "AsciiDocSpotlightTests" */ = {
			isa = XCConfigurationList;
			buildConfigurations = (
				C2907EE8230E01AB001891F1 /* Debug */,
				C2907EE9230E01AB001891F1 /* Release */,
			);
			defaultConfigurationIsVisible = 0;
			defaultConfigurationName = Release;
		};
		C2907F47231C3D64001891F1 /* Build configuration list for PBXNativeTarget "AsciiDocRunner" */ = {
			isa = XCConfigurationList;
			buildConfigurations = (
				C2907F48231C3D64001891F1 /* Debug */,
				C2907F49231C3D64001891F1 /* Release */,
			);
			defaultConfigurationIsVisible = 0;
			defaultConfigurationName = Release;
		};
/* End XCConfigurationList section */
	};
	rootObject = C2805B351E159885002CE600 /* Project object */;
}
